
Microsoft Visual Studio Solution File, Format Version 12.00
# Visual Studio Version 16
VisualStudioVersion = 16.0.29613.14
MinimumVisualStudioVersion = 10.0.40219.1
Project("{FAE04EC0-301F-11D3-BF4B-00C04F79EFBC}") = "APICSHARP", "APICSHARP\APICSHARP.csproj", "{D5BE6ACE-7750-4F73-A75B-FB307A7FEB07}"
EndProject
Global
	GlobalSection(SolutionConfigurationPlatforms) = preSolution
		Debug|Any CPU = Debug|Any CPU
		Release|Any CPU = Release|Any CPU
	EndGlobalSection
	GlobalSection(ProjectConfigurationPlatforms) = postSolution
		{D5BE6ACE-7750-4F73-A75B-FB307A7FEB07}.Debug|Any CPU.ActiveCfg = Debug|Any CPU
		{D5BE6ACE-7750-4F73-A75B-FB307A7FEB07}.Debug|Any CPU.Build.0 = Debug|Any CPU
		{D5BE6ACE-7750-4F73-A75B-FB307A7FEB07}.Release|Any CPU.ActiveCfg = Release|Any CPU
		{D5BE6ACE-7750-4F73-A75B-FB307A7FEB07}.Release|Any CPU.Build.0 = Release|Any CPU
	EndGlobalSection
	GlobalSection(SolutionProperties) = preSolution
		HideSolutionNode = FALSE
	EndGlobalSection
	GlobalSection(ExtensibilityGlobals) = postSolution
		SolutionGuid = {2FFDBE84-7DBD-43F3-989D-02B9F3B15265}
	EndGlobalSection
EndGlobal
